
Microsoft Visual Studio Solution File, Format Version 12.00
Project("{FAE04EC0-301F-11D3-BF4B-00C04F79EFBC}") = "LeapYearReturns", "LeapYearReturns\LeapYearReturns.csproj", "{4C2D55A9-E339-4D53-B467-2D7443D2B7C8}"
EndProject
Project("{FAE04EC0-301F-11D3-BF4B-00C04F79EFBC}") = "LeapYearReturns.Tests", "LeapYearReturns.Tests\LeapYearReturns.Tests.csproj", "{66481D11-09F9-4807-8648-ACB7E2C7E493}"
EndProject
Global
	GlobalSection(SolutionConfigurationPlatforms) = preSolution
		Debug|Any CPU = Debug|Any CPU
		Release|Any CPU = Release|Any CPU
	EndGlobalSection
	GlobalSection(ProjectConfigurationPlatforms) = postSolution
		{4C2D55A9-E339-4D53-B467-2D7443D2B7C8}.Debug|Any CPU.ActiveCfg = Debug|Any CPU
		{4C2D55A9-E339-4D53-B467-2D7443D2B7C8}.Debug|Any CPU.Build.0 = Debug|Any CPU
		{4C2D55A9-E339-4D53-B467-2D7443D2B7C8}.Release|Any CPU.ActiveCfg = Release|Any CPU
		{4C2D55A9-E339-4D53-B467-2D7443D2B7C8}.Release|Any CPU.Build.0 = Release|Any CPU
		{66481D11-09F9-4807-8648-ACB7E2C7E493}.Debug|Any CPU.ActiveCfg = Debug|Any CPU
		{66481D11-09F9-4807-8648-ACB7E2C7E493}.Debug|Any CPU.Build.0 = Debug|Any CPU
		{66481D11-09F9-4807-8648-ACB7E2C7E493}.Release|Any CPU.ActiveCfg = Release|Any CPU
		{66481D11-09F9-4807-8648-ACB7E2C7E493}.Release|Any CPU.Build.0 = Release|Any CPU
	EndGlobalSection
EndGlobal
